// !$*UTF8*$!
{
	archiveVersion = 1;
	classes = {
	};
	objectVersion = 50;
	objects = {

/* Begin PBXBuildFile section */
		F11ADEEE223A7FD20024F9C7 /* AppDelegate.swift in Sources */ = {isa = PBXBuildFile; fileRef = F11ADEED223A7FD20024F9C7 /* AppDelegate.swift */; };
		F11ADEF0223A7FD20024F9C7 /* ViewController.swift in Sources */ = {isa = PBXBuildFile; fileRef = F11ADEEF223A7FD20024F9C7 /* ViewController.swift */; };
		F11ADEF3223A7FD20024F9C7 /* Main.storyboard in Resources */ = {isa = PBXBuildFile; fileRef = F11ADEF1223A7FD20024F9C7 /* Main.storyboard */; };
		F11ADEF5223A7FD50024F9C7 /* Assets.xcassets in Resources */ = {isa = PBXBuildFile; fileRef = F11ADEF4223A7FD50024F9C7 /* Assets.xcassets */; };
		F11ADEF8223A7FD50024F9C7 /* LaunchScreen.storyboard in Resources */ = {isa = PBXBuildFile; fileRef = F11ADEF6223A7FD50024F9C7 /* LaunchScreen.storyboard */; };
		F11ADF03223A8F5E0024F9C7 /* CGShapeUtil.swift in Sources */ = {isa = PBXBuildFile; fileRef = F11ADF01223A8F5E0024F9C7 /* CGShapeUtil.swift */; };
		F11ADF04223A8F5E0024F9C7 /* CGPathParser.swift in Sources */ = {isa = PBXBuildFile; fileRef = F11ADF02223A8F5E0024F9C7 /* CGPathParser.swift */; };
		F11ADF08223AB5400024F9C7 /* Triangle+Bisection.swift in Sources */ = {isa = PBXBuildFile; fileRef = F11ADF07223AB5400024F9C7 /* Triangle+Bisection.swift */; };
		F11ADF0A223AB8DB0024F9C7 /* Trig.swift in Sources */ = {isa = PBXBuildFile; fileRef = F11ADF09223AB8DB0024F9C7 /* Trig.swift */; };
		F11ADF0C223ABA260024F9C7 /* TrigParser.swift in Sources */ = {isa = PBXBuildFile; fileRef = F11ADF0B223ABA260024F9C7 /* TrigParser.swift */; };
		F11ADF0E223ABA950024F9C7 /* CGPointParser.swift in Sources */ = {isa = PBXBuildFile; fileRef = F11ADF0D223ABA950024F9C7 /* CGPointParser.swift */; };
		F11ADF10223ABAC00024F9C7 /* CGPointExtension.swift in Sources */ = {isa = PBXBuildFile; fileRef = F11ADF0F223ABAC00024F9C7 /* CGPointExtension.swift */; };
		F11ADF12223ABBA10024F9C7 /* Triangle+Sin.swift in Sources */ = {isa = PBXBuildFile; fileRef = F11ADF11223ABBA10024F9C7 /* Triangle+Sin.swift */; };
		F11ADF14223ABCDC0024F9C7 /* TriangleMath.swift in Sources */ = {isa = PBXBuildFile; fileRef = F11ADF13223ABCDC0024F9C7 /* TriangleMath.swift */; };
		F11ADF16223AC4AF0024F9C7 /* CGPointAsserter.swift in Sources */ = {isa = PBXBuildFile; fileRef = F11ADF15223AC4AF0024F9C7 /* CGPointAsserter.swift */; };
/* End PBXBuildFile section */

/* Begin PBXFileReference section */
		F11ADEEA223A7FD20024F9C7 /* Cube.app */ = {isa = PBXFileReference; explicitFileType = wrapper.application; includeInIndex = 0; path = Cube.app; sourceTree = BUILT_PRODUCTS_DIR; };
		F11ADEED223A7FD20024F9C7 /* AppDelegate.swift */ = {isa = PBXFileReference; lastKnownFileType = sourcecode.swift; path = AppDelegate.swift; sourceTree = "<group>"; };
		F11ADEEF223A7FD20024F9C7 /* ViewController.swift */ = {isa = PBXFileReference; lastKnownFileType = sourcecode.swift; path = ViewController.swift; sourceTree = "<group>"; };
		F11ADEF2223A7FD20024F9C7 /* Base */ = {isa = PBXFileReference; lastKnownFileType = file.storyboard; name = Base; path = Base.lproj/Main.storyboard; sourceTree = "<group>"; };
		F11ADEF4223A7FD50024F9C7 /* Assets.xcassets */ = {isa = PBXFileReference; lastKnownFileType = folder.assetcatalog; path = Assets.xcassets; sourceTree = "<group>"; };
		F11ADEF7223A7FD50024F9C7 /* Base */ = {isa = PBXFileReference; lastKnownFileType = file.storyboard; name = Base; path = Base.lproj/LaunchScreen.storyboard; sourceTree = "<group>"; };
		F11ADEF9223A7FD50024F9C7 /* Info.plist */ = {isa = PBXFileReference; lastKnownFileType = text.plist.xml; path = Info.plist; sourceTree = "<group>"; };
		F11ADF01223A8F5E0024F9C7 /* CGShapeUtil.swift */ = {isa = PBXFileReference; fileEncoding = 4; lastKnownFileType = sourcecode.swift; path = CGShapeUtil.swift; sourceTree = "<group>"; };
		F11ADF02223A8F5E0024F9C7 /* CGPathParser.swift */ = {isa = PBXFileReference; fileEncoding = 4; lastKnownFileType = sourcecode.swift; path = CGPathParser.swift; sourceTree = "<group>"; };
		F11ADF07223AB5400024F9C7 /* Triangle+Bisection.swift */ = {isa = PBXFileReference; lastKnownFileType = sourcecode.swift; path = "Triangle+Bisection.swift"; sourceTree = "<group>"; };
		F11ADF09223AB8DB0024F9C7 /* Trig.swift */ = {isa = PBXFileReference; lastKnownFileType = sourcecode.swift; path = Trig.swift; sourceTree = "<group>"; };
		F11ADF0B223ABA260024F9C7 /* TrigParser.swift */ = {isa = PBXFileReference; lastKnownFileType = sourcecode.swift; path = TrigParser.swift; sourceTree = "<group>"; };
		F11ADF0D223ABA950024F9C7 /* CGPointParser.swift */ = {isa = PBXFileReference; lastKnownFileType = sourcecode.swift; path = CGPointParser.swift; sourceTree = "<group>"; };
		F11ADF0F223ABAC00024F9C7 /* CGPointExtension.swift */ = {isa = PBXFileReference; lastKnownFileType = sourcecode.swift; path = CGPointExtension.swift; sourceTree = "<group>"; };
		F11ADF11223ABBA10024F9C7 /* Triangle+Sin.swift */ = {isa = PBXFileReference; lastKnownFileType = sourcecode.swift; path = "Triangle+Sin.swift"; sourceTree = "<group>"; };
		F11ADF13223ABCDC0024F9C7 /* TriangleMath.swift */ = {isa = PBXFileReference; lastKnownFileType = sourcecode.swift; path = TriangleMath.swift; sourceTree = "<group>"; };
		F11ADF15223AC4AF0024F9C7 /* CGPointAsserter.swift */ = {isa = PBXFileReference; lastKnownFileType = sourcecode.swift; path = CGPointAsserter.swift; sourceTree = "<group>"; };
/* End PBXFileReference section */

/* Begin PBXFrameworksBuildPhase section */
		F11ADEE7223A7FD20024F9C7 /* Frameworks */ = {
			isa = PBXFrameworksBuildPhase;
			buildActionMask = 2147483647;
			files = (
			);
			runOnlyForDeploymentPostprocessing = 0;
		};
/* End PBXFrameworksBuildPhase section */

/* Begin PBXGroup section */
		F11ADEE1223A7FD20024F9C7 = {
			isa = PBXGroup;
			children = (
				F11ADEFF223A8F5E0024F9C7 /* src */,
				F11ADEEC223A7FD20024F9C7 /* Cube */,
				F11ADEEB223A7FD20024F9C7 /* Products */,
			);
			sourceTree = "<group>";
		};
		F11ADEEB223A7FD20024F9C7 /* Products */ = {
			isa = PBXGroup;
			children = (
				F11ADEEA223A7FD20024F9C7 /* Cube.app */,
			);
			name = Products;
			sourceTree = "<group>";
		};
		F11ADEEC223A7FD20024F9C7 /* Cube */ = {
			isa = PBXGroup;
			children = (
				F11ADEED223A7FD20024F9C7 /* AppDelegate.swift */,
				F11ADEEF223A7FD20024F9C7 /* ViewController.swift */,
				F11ADEF1223A7FD20024F9C7 /* Main.storyboard */,
				F11ADEF4223A7FD50024F9C7 /* Assets.xcassets */,
				F11ADEF6223A7FD50024F9C7 /* LaunchScreen.storyboard */,
				F11ADEF9223A7FD50024F9C7 /* Info.plist */,
			);
			path = Cube;
			sourceTree = "<group>";
		};
		F11ADEFF223A8F5E0024F9C7 /* src */ = {
			isa = PBXGroup;
			children = (
				F11ADF00223A8F5E0024F9C7 /* util */,
			);
			path = src;
			sourceTree = "<group>";
		};
		F11ADF00223A8F5E0024F9C7 /* util */ = {
			isa = PBXGroup;
			children = (
				F11ADF05223AB51B0024F9C7 /* math */,
				F11ADF01223A8F5E0024F9C7 /* CGShapeUtil.swift */,
				F11ADF02223A8F5E0024F9C7 /* CGPathParser.swift */,
			);
			path = util;
			sourceTree = "<group>";
		};
		F11ADF05223AB51B0024F9C7 /* math */ = {
			isa = PBXGroup;
			children = (
				F11ADF06223AB5240024F9C7 /* triangle */,
				F11ADF09223AB8DB0024F9C7 /* Trig.swift */,
				F11ADF0B223ABA260024F9C7 /* TrigParser.swift */,
				F11ADF0D223ABA950024F9C7 /* CGPointParser.swift */,
				F11ADF15223AC4AF0024F9C7 /* CGPointAsserter.swift */,
				F11ADF0F223ABAC00024F9C7 /* CGPointExtension.swift */,
			);
			path = math;
			sourceTree = "<group>";
		};
		F11ADF06223AB5240024F9C7 /* triangle */ = {
			isa = PBXGroup;
			children = (
				F11ADF07223AB5400024F9C7 /* Triangle+Bisection.swift */,
				F11ADF11223ABBA10024F9C7 /* Triangle+Sin.swift */,
				F11ADF13223ABCDC0024F9C7 /* TriangleMath.swift */,
			);
			path = triangle;
			sourceTree = "<group>";
		};
/* End PBXGroup section */

/* Begin PBXNativeTarget section */
		F11ADEE9223A7FD20024F9C7 /* Cube */ = {
			isa = PBXNativeTarget;
			buildConfigurationList = F11ADEFC223A7FD50024F9C7 /* Build configuration list for PBXNativeTarget "Cube" */;
			buildPhases = (
				F11ADEE6223A7FD20024F9C7 /* Sources */,
				F11ADEE7223A7FD20024F9C7 /* Frameworks */,
				F11ADEE8223A7FD20024F9C7 /* Resources */,
			);
			buildRules = (
			);
			dependencies = (
			);
			name = Cube;
			productName = Cube;
			productReference = F11ADEEA223A7FD20024F9C7 /* Cube.app */;
			productType = "com.apple.product-type.application";
		};
/* End PBXNativeTarget section */

/* Begin PBXProject section */
		F11ADEE2223A7FD20024F9C7 /* Project object */ = {
			isa = PBXProject;
			attributes = {
				LastSwiftUpdateCheck = 1010;
				LastUpgradeCheck = 1010;
				ORGANIZATIONNAME = FutureLab;
				TargetAttributes = {
					F11ADEE9223A7FD20024F9C7 = {
						CreatedOnToolsVersion = 10.1;
					};
				};
			};
			buildConfigurationList = F11ADEE5223A7FD20024F9C7 /* Build configuration list for PBXProject "Cube" */;
			compatibilityVersion = "Xcode 9.3";
			developmentRegion = en;
			hasScannedForEncodings = 0;
			knownRegions = (
				en,
				Base,
			);
			mainGroup = F11ADEE1223A7FD20024F9C7;
			productRefGroup = F11ADEEB223A7FD20024F9C7 /* Products */;
			projectDirPath = "";
			projectRoot = "";
			targets = (
				F11ADEE9223A7FD20024F9C7 /* Cube */,
			);
		};
/* End PBXProject section */

/* Begin PBXResourcesBuildPhase section */
		F11ADEE8223A7FD20024F9C7 /* Resources */ = {
			isa = PBXResourcesBuildPhase;
			buildActionMask = 2147483647;
			files = (
				F11ADEF8223A7FD50024F9C7 /* LaunchScreen.storyboard in Resources */,
				F11ADEF5223A7FD50024F9C7 /* Assets.xcassets in Resources */,
				F11ADEF3223A7FD20024F9C7 /* Main.storyboard in Resources */,
			);
			runOnlyForDeploymentPostprocessing = 0;
		};
/* End PBXResourcesBuildPhase section */

/* Begin PBXSourcesBuildPhase section */
		F11ADEE6223A7FD20024F9C7 /* Sources */ = {
			isa = PBXSourcesBuildPhase;
			buildActionMask = 2147483647;
			files = (
				F11ADF14223ABCDC0024F9C7 /* TriangleMath.swift in Sources */,
				F11ADF16223AC4AF0024F9C7 /* CGPointAsserter.swift in Sources */,
				F11ADF03223A8F5E0024F9C7 /* CGShapeUtil.swift in Sources */,
				F11ADF04223A8F5E0024F9C7 /* CGPathParser.swift in Sources */,
				F11ADEF0223A7FD20024F9C7 /* ViewController.swift in Sources */,
				F11ADF0C223ABA260024F9C7 /* TrigParser.swift in Sources */,
				F11ADF0A223AB8DB0024F9C7 /* Trig.swift in Sources */,
				F11ADEEE223A7FD20024F9C7 /* AppDelegate.swift in Sources */,
				F11ADF08223AB5400024F9C7 /* Triangle+Bisection.swift in Sources */,
				F11ADF0E223ABA950024F9C7 /* CGPointParser.swift in Sources */,
				F11ADF12223ABBA10024F9C7 /* Triangle+Sin.swift in Sources */,
				F11ADF10223ABAC00024F9C7 /* CGPointExtension.swift in Sources */,
			);
			runOnlyForDeploymentPostprocessing = 0;
		};
/* End PBXSourcesBuildPhase section */

/* Begin PBXVariantGroup section */
		F11ADEF1223A7FD20024F9C7 /* Main.storyboard */ = {
			isa = PBXVariantGroup;
			children = (
				F11ADEF2223A7FD20024F9C7 /* Base */,
			);
			name = Main.storyboard;
			sourceTree = "<group>";
		};
		F11ADEF6223A7FD50024F9C7 /* LaunchScreen.storyboard */ = {
			isa = PBXVariantGroup;
			children = (
				F11ADEF7223A7FD50024F9C7 /* Base */,
			);
			name = LaunchScreen.storyboard;
			sourceTree = "<group>";
		};
/* End PBXVariantGroup section */

/* Begin XCBuildConfiguration section */
		F11ADEFA223A7FD50024F9C7 /* Debug */ = {
			isa = XCBuildConfiguration;
			buildSettings = {
				ALWAYS_SEARCH_USER_PATHS = NO;
				CLANG_ANALYZER_NONNULL = YES;
				CLANG_ANALYZER_NUMBER_OBJECT_CONVERSION = YES_AGGRESSIVE;
				CLANG_CXX_LANGUAGE_STANDARD = "gnu++14";
				CLANG_CXX_LIBRARY = "libc++";
				CLANG_ENABLE_MODULES = YES;
				CLANG_ENABLE_OBJC_ARC = YES;
				CLANG_ENABLE_OBJC_WEAK = YES;
				CLANG_WARN_BLOCK_CAPTURE_AUTORELEASING = YES;
				CLANG_WARN_BOOL_CONVERSION = YES;
				CLANG_WARN_COMMA = YES;
				CLANG_WARN_CONSTANT_CONVERSION = YES;
				CLANG_WARN_DEPRECATED_OBJC_IMPLEMENTATIONS = YES;
				CLANG_WARN_DIRECT_OBJC_ISA_USAGE = YES_ERROR;
				CLANG_WARN_DOCUMENTATION_COMMENTS = YES;
				CLANG_WARN_EMPTY_BODY = YES;
				CLANG_WARN_ENUM_CONVERSION = YES;
				CLANG_WARN_INFINITE_RECURSION = YES;
				CLANG_WARN_INT_CONVERSION = YES;
				CLANG_WARN_NON_LITERAL_NULL_CONVERSION = YES;
				CLANG_WARN_OBJC_IMPLICIT_RETAIN_SELF = YES;
				CLANG_WARN_OBJC_LITERAL_CONVERSION = YES;
				CLANG_WARN_OBJC_ROOT_CLASS = YES_ERROR;
				CLANG_WARN_RANGE_LOOP_ANALYSIS = YES;
				CLANG_WARN_STRICT_PROTOTYPES = YES;
				CLANG_WARN_SUSPICIOUS_MOVE = YES;
				CLANG_WARN_UNGUARDED_AVAILABILITY = YES_AGGRESSIVE;
				CLANG_WARN_UNREACHABLE_CODE = YES;
				CLANG_WARN__DUPLICATE_METHOD_MATCH = YES;
				CODE_SIGN_IDENTITY = "iPhone Developer";
				COPY_PHASE_STRIP = NO;
				DEBUG_INFORMATION_FORMAT = dwarf;
				ENABLE_STRICT_OBJC_MSGSEND = YES;
				ENABLE_TESTABILITY = YES;
				GCC_C_LANGUAGE_STANDARD = gnu11;
				GCC_DYNAMIC_NO_PIC = NO;
				GCC_NO_COMMON_BLOCKS = YES;
				GCC_OPTIMIZATION_LEVEL = 0;
				GCC_PREPROCESSOR_DEFINITIONS = (
					"DEBUG=1",
					"$(inherited)",
				);
				GCC_WARN_64_TO_32_BIT_CONVERSION = YES;
				GCC_WARN_ABOUT_RETURN_TYPE = YES_ERROR;
				GCC_WARN_UNDECLARED_SELECTOR = YES;
				GCC_WARN_UNINITIALIZED_AUTOS = YES_AGGRESSIVE;
				GCC_WARN_UNUSED_FUNCTION = YES;
				GCC_WARN_UNUSED_VARIABLE = YES;
				IPHONEOS_DEPLOYMENT_TARGET = 12.1;
				MTL_ENABLE_DEBUG_INFO = INCLUDE_SOURCE;
				MTL_FAST_MATH = YES;
				ONLY_ACTIVE_ARCH = YES;
				SDKROOT = iphoneos;
				SWIFT_ACTIVE_COMPILATION_CONDITIONS = DEBUG;
				SWIFT_OPTIMIZATION_LEVEL = "-Onone";
			};
			name = Debug;
		};
		F11ADEFB223A7FD50024F9C7 /* Release */ = {
			isa = XCBuildConfiguration;
			buildSettings = {
				ALWAYS_SEARCH_USER_PATHS = NO;
				CLANG_ANALYZER_NONNULL = YES;
				CLANG_ANALYZER_NUMBER_OBJECT_CONVERSION = YES_AGGRESSIVE;
				CLANG_CXX_LANGUAGE_STANDARD = "gnu++14";
				CLANG_CXX_LIBRARY = "libc++";
				CLANG_ENABLE_MODULES = YES;
				CLANG_ENABLE_OBJC_ARC = YES;
				CLANG_ENABLE_OBJC_WEAK = YES;
				CLANG_WARN_BLOCK_CAPTURE_AUTORELEASING = YES;
				CLANG_WARN_BOOL_CONVERSION = YES;
				CLANG_WARN_COMMA = YES;
				CLANG_WARN_CONSTANT_CONVERSION = YES;
				CLANG_WARN_DEPRECATED_OBJC_IMPLEMENTATIONS = YES;
				CLANG_WARN_DIRECT_OBJC_ISA_USAGE = YES_ERROR;
				CLANG_WARN_DOCUMENTATION_COMMENTS = YES;
				CLANG_WARN_EMPTY_BODY = YES;
				CLANG_WARN_ENUM_CONVERSION = YES;
				CLANG_WARN_INFINITE_RECURSION = YES;
				CLANG_WARN_INT_CONVERSION = YES;
				CLANG_WARN_NON_LITERAL_NULL_CONVERSION = YES;
				CLANG_WARN_OBJC_IMPLICIT_RETAIN_SELF = YES;
				CLANG_WARN_OBJC_LITERAL_CONVERSION = YES;
				CLANG_WARN_OBJC_ROOT_CLASS = YES_ERROR;
				CLANG_WARN_RANGE_LOOP_ANALYSIS = YES;
				CLANG_WARN_STRICT_PROTOTYPES = YES;
				CLANG_WARN_SUSPICIOUS_MOVE = YES;
				CLANG_WARN_UNGUARDED_AVAILABILITY = YES_AGGRESSIVE;
				CLANG_WARN_UNREACHABLE_CODE = YES;
				CLANG_WARN__DUPLICATE_METHOD_MATCH = YES;
				CODE_SIGN_IDENTITY = "iPhone Developer";
				COPY_PHASE_STRIP = NO;
				DEBUG_INFORMATION_FORMAT = "dwarf-with-dsym";
				ENABLE_NS_ASSERTIONS = NO;
				ENABLE_STRICT_OBJC_MSGSEND = YES;
				GCC_C_LANGUAGE_STANDARD = gnu11;
				GCC_NO_COMMON_BLOCKS = YES;
				GCC_WARN_64_TO_32_BIT_CONVERSION = YES;
				GCC_WARN_ABOUT_RETURN_TYPE = YES_ERROR;
				GCC_WARN_UNDECLARED_SELECTOR = YES;
				GCC_WARN_UNINITIALIZED_AUTOS = YES_AGGRESSIVE;
				GCC_WARN_UNUSED_FUNCTION = YES;
				GCC_WARN_UNUSED_VARIABLE = YES;
				IPHONEOS_DEPLOYMENT_TARGET = 12.1;
				MTL_ENABLE_DEBUG_INFO = NO;
				MTL_FAST_MATH = YES;
				SDKROOT = iphoneos;
				SWIFT_COMPILATION_MODE = wholemodule;
				SWIFT_OPTIMIZATION_LEVEL = "-O";
				VALIDATE_PRODUCT = YES;
			};
			name = Release;
		};
		F11ADEFD223A7FD50024F9C7 /* Debug */ = {
			isa = XCBuildConfiguration;
			buildSettings = {
				ASSETCATALOG_COMPILER_APPICON_NAME = AppIcon;
				CODE_SIGN_STYLE = Automatic;
				INFOPLIST_FILE = Cube/Info.plist;
				LD_RUNPATH_SEARCH_PATHS = (
					"$(inherited)",
					"@executable_path/Frameworks",
				);
				PRODUCT_BUNDLE_IDENTIFIER = io.github.futurelab.Cube;
				PRODUCT_NAME = "$(TARGET_NAME)";
				SWIFT_VERSION = 4.2;
				TARGETED_DEVICE_FAMILY = "1,2";
			};
			name = Debug;
		};
		F11ADEFE223A7FD50024F9C7 /* Release */ = {
			isa = XCBuildConfiguration;
			buildSettings = {
				ASSETCATALOG_COMPILER_APPICON_NAME = AppIcon;
				CODE_SIGN_STYLE = Automatic;
				INFOPLIST_FILE = Cube/Info.plist;
				LD_RUNPATH_SEARCH_PATHS = (
					"$(inherited)",
					"@executable_path/Frameworks",
				);
				PRODUCT_BUNDLE_IDENTIFIER = io.github.futurelab.Cube;
				PRODUCT_NAME = "$(TARGET_NAME)";
				SWIFT_VERSION = 4.2;
				TARGETED_DEVICE_FAMILY = "1,2";
			};
			name = Release;
		};
/* End XCBuildConfiguration section */

/* Begin XCConfigurationList section */
		F11ADEE5223A7FD20024F9C7 /* Build configuration list for PBXProject "Cube" */ = {
			isa = XCConfigurationList;
			buildConfigurations = (
				F11ADEFA223A7FD50024F9C7 /* Debug */,
				F11ADEFB223A7FD50024F9C7 /* Release */,
			);
			defaultConfigurationIsVisible = 0;
			defaultConfigurationName = Release;
		};
		F11ADEFC223A7FD50024F9C7 /* Build configuration list for PBXNativeTarget "Cube" */ = {
			isa = XCConfigurationList;
			buildConfigurations = (
				F11ADEFD223A7FD50024F9C7 /* Debug */,
				F11ADEFE223A7FD50024F9C7 /* Release */,
			);
			defaultConfigurationIsVisible = 0;
			defaultConfigurationName = Release;
		};
/* End XCConfigurationList section */
	};
	rootObject = F11ADEE2223A7FD20024F9C7 /* Project object */;
}
